<?xml version="1.0" encoding="utf-8"?>
<Project ToolsVersion="4.0" xmlns="http://schemas.microsoft.com/developer/msbuild/2003">
  <ItemGroup>
    <Filter Include="Source Files">
      <UniqueIdentifier>{4FC737F1-C7A5-4376-A066-2A32D752A2FF}</UniqueIdentifier>
      <Extensions>cpp;c;cc;cxx;def;odl;idl;hpj;bat;asm;asmx</Extensions>
    </Filter>
    <Filter Include="Header Files">
      <UniqueIdentifier>{93995380-89BD-4b04-88EB-625FBE52EBFB}</UniqueIdentifier>
      <Extensions>h;hh;hpp;hxx;hm;inl;inc;ipp;xsd</Extensions>
    </Filter>
    <Filter Include="Resource Files">
      <UniqueIdentifier>{67DA6AB6-F800-4c08-8B7A-83BB121AAD01}</UniqueIdentifier>
      <Extensions>rc;ico;cur;bmp;dlg;rc2;rct;bin;rgs;gif;jpg;jpeg;jpe;resx;tiff;tif;png;wav;mfcribbon-ms</Extensions>
    </Filter>
    <Filter Include="Shaders">
      <UniqueIdentifier>{effcf4f6-c9d3-4723-b2cf-5c536b3deaaf}</UniqueIdentifier>
    </Filter>
    <Filter Include="Levels">
      <UniqueIdentifier>{0d8b8d59-c5f2-46dd-b92a-8e654aea2d54}</UniqueIdentifier>
    </Filter>
    <Filter Include="Source Files\Game">
      <UniqueIdentifier>{2a3a4525-3ed9-4b20-ac7f-6a37eb42be59}</UniqueIdentifier>
    </Filter>
    <Filter Include="Source Files\GLWrapper">
      <UniqueIdentifier>{71606b4c-db7d-4f33-9ec3-e67cfe538161}</UniqueIdentifier>
    </Filter>
    <Filter Include="Header Files\Game">
      <UniqueIdentifier>{f5a0b4bc-01cd-4f29-a3fb-f88ddb984377}</UniqueIdentifier>
    </Filter>
    <Filter Include="Header Files\GLWrapper">
      <UniqueIdentifier>{9cefa210-50ec-41fa-8d2b-2c7684a70cbc}</UniqueIdentifier>
    </Filter>
  </ItemGroup>
  <ItemGroup>
    <ClCompile Include="..\Code\source\GLWrapper\glad.c">
      <Filter>Resource Files</Filter>
    </ClCompile>
    <ClCompile Include="..\Code\source\Config.cpp">
      <Filter>Source Files</Filter>
    </ClCompile>
    <ClCompile Include="..\Code\source\main.cpp">
      <Filter>Source Files</Filter>
    </ClCompile>
    <ClCompile Include="..\Code\source\Game\Action.cpp">
      <Filter>Source Files\Game</Filter>
    </ClCompile>
    <ClCompile Include="..\Code\source\Game\Level.cpp">
      <Filter>Source Files\Game</Filter>
    </ClCompile>
    <ClCompile Include="..\Code\source\Game\Spawner.cpp">
      <Filter>Source Files\Game</Filter>
    </ClCompile>
    <ClCompile Include="..\Code\source\Game\Structure.cpp">
      <Filter>Source Files\Game</Filter>
    </ClCompile>
    <ClCompile Include="..\Code\source\Game\Tile.cpp">
      <Filter>Source Files\Game</Filter>
    </ClCompile>
    <ClCompile Include="..\Code\source\Game\Turret.cpp">
      <Filter>Source Files\Game</Filter>
    </ClCompile>
    <ClCompile Include="..\Code\source\Game\Unit.cpp">
      <Filter>Source Files\Game</Filter>
    </ClCompile>
    <ClCompile Include="..\Code\source\GLWrapper\GLObject.cpp">
      <Filter>Source Files\GLWrapper</Filter>
    </ClCompile>
    <ClCompile Include="..\Code\source\GLWrapper\Window.cpp">
      <Filter>Source Files\GLWrapper</Filter>
    </ClCompile>
    <ClCompile Include="..\Code\source\GLWrapper\Shader.cpp">
      <Filter>Source Files\GLWrapper</Filter>
    </ClCompile>
    <ClCompile Include="..\Code\source\GLWrapper\Model.cpp">
      <Filter>Source Files\GLWrapper</Filter>
    </ClCompile>
    <ClCompile Include="..\Code\source\GLWrapper\Mesh.cpp">
      <Filter>Source Files\GLWrapper</Filter>
    </ClCompile>
    <ClCompile Include="..\Code\source\GLWrapper\UniformContainer.cpp">
      <Filter>Source Files\GLWrapper</Filter>
    </ClCompile>
    <ClCompile Include="..\Code\source\GLWrapper\Asset.cpp">
      <Filter>Source Files\GLWrapper</Filter>
    </ClCompile>
    <ClCompile Include="..\Code\source\Game\Attack.cpp">
      <Filter>Source Files\Game</Filter>
    </ClCompile>
  </ItemGroup>
  <ItemGroup>
    <None Include="..\models\Levels\testLevel.csv">
      <Filter>Levels</Filter>
    </None>
    <None Include="..\Code\shaders\shader.frag">
      <Filter>Shaders</Filter>
    </None>
    <None Include="..\code\shaders\shader.vert">
      <Filter>Shaders</Filter>
    </None>
  </ItemGroup>
  <ItemGroup>
    <ResourceCompile Include="AbacusEngine.rc">
      <Filter>Resource Files</Filter>
    </ResourceCompile>
  </ItemGroup>
  <ItemGroup>
    <ClInclude Include="..\Code\include\Game\Action.h">
      <Filter>Header Files\Game</Filter>
    </ClInclude>
    <ClInclude Include="..\Code\include\Game\Level.h">
      <Filter>Header Files\Game</Filter>
    </ClInclude>
    <ClInclude Include="..\Code\include\Game\Spawner.h">
      <Filter>Header Files\Game</Filter>
    </ClInclude>
    <ClInclude Include="..\Code\include\Game\Structure.h">
      <Filter>Header Files\Game</Filter>
    </ClInclude>
    <ClInclude Include="..\Code\include\Game\Tile.h">
      <Filter>Header Files\Game</Filter>
    </ClInclude>
    <ClInclude Include="..\Code\include\Game\Turret.h">
      <Filter>Header Files\Game</Filter>
    </ClInclude>
    <ClInclude Include="..\Code\include\Game\Unit.h">
      <Filter>Header Files\Game</Filter>
    </ClInclude>
    <ClInclude Include="..\Code\include\GLWrapper\Asset.h">
      <Filter>Header Files\GLWrapper</Filter>
    </ClInclude>
    <ClInclude Include="..\Code\include\GLWrapper\GLObject.h">
      <Filter>Header Files\GLWrapper</Filter>
    </ClInclude>
    <ClInclude Include="..\Code\include\GLWrapper\Mesh.h">
      <Filter>Header Files\GLWrapper</Filter>
    </ClInclude>
    <ClInclude Include="..\Code\include\GLWrapper\Model.h">
      <Filter>Header Files\GLWrapper</Filter>
    </ClInclude>
    <ClInclude Include="..\Code\include\GLWrapper\Shader.h">
      <Filter>Header Files\GLWrapper</Filter>
    </ClInclude>
    <ClInclude Include="..\Code\include\GLWrapper\Window.h">
      <Filter>Header Files\GLWrapper</Filter>
    </ClInclude>
    <ClInclude Include="..\Code\include\Config.h">
      <Filter>Header Files</Filter>
    </ClInclude>
    <ClInclude Include="..\Code\include\stdafx.h">
      <Filter>Header Files</Filter>
    </ClInclude>
    <ClInclude Include="..\Code\include\GLWrapper\UniformContainer.h">
      <Filter>Header Files\GLWrapper</Filter>
    </ClInclude>
    <ClInclude Include="..\Code\include\Game\Attack.h">
      <Filter>Header Files\Game</Filter>
    </ClInclude>
  </ItemGroup>
</Project>